
Microsoft Visual Studio Solution File, Format Version 12.00
# Visual Studio 14
VisualStudioVersion = 14.0.25123.0
MinimumVisualStudioVersion = 10.0.40219.1
Project("{FAE04EC0-301F-11D3-BF4B-00C04F79EFBC}") = "Sino.Droid.CircleImage", "Sino.Droid.CircleImage\Sino.Droid.CircleImage.csproj", "{4C8E5666-83F1-4803-8104-2F0EB75E31DC}"
EndProject
Global
	GlobalSection(SolutionConfigurationPlatforms) = preSolution
		Debug|Any CPU = Debug|Any CPU
		Release|Any CPU = Release|Any CPU
	EndGlobalSection
	GlobalSection(ProjectConfigurationPlatforms) = postSolution
		{4C8E5666-83F1-4803-8104-2F0EB75E31DC}.Debug|Any CPU.ActiveCfg = Debug|Any CPU
		{4C8E5666-83F1-4803-8104-2F0EB75E31DC}.Debug|Any CPU.Build.0 = Debug|Any CPU
		{4C8E5666-83F1-4803-8104-2F0EB75E31DC}.Release|Any CPU.ActiveCfg = Release|Any CPU
		{4C8E5666-83F1-4803-8104-2F0EB75E31DC}.Release|Any CPU.Build.0 = Release|Any CPU
	EndGlobalSection
	GlobalSection(SolutionProperties) = preSolution
		HideSolutionNode = FALSE
	EndGlobalSection
EndGlobal
